
Microsoft Visual Studio Solution File, Format Version 12.00
# Visual Studio Version 17
VisualStudioVersion = 17.9.34714.143
MinimumVisualStudioVersion = 10.0.40219.1
Project("{9A19103F-16F7-4668-BE54-9A1E7A4F7556}") = "Demo", "Demo\Demo.csproj", "{930CE990-3C95-41A5-8F71-5C4E3DB56BB6}"
EndProject
Global
	GlobalSection(SolutionConfigurationPlatforms) = preSolution
		Debug|Any CPU = Debug|Any CPU
		Release|Any CPU = Release|Any CPU
	EndGlobalSection
	GlobalSection(ProjectConfigurationPlatforms) = postSolution
		{930CE990-3C95-41A5-8F71-5C4E3DB56BB6}.Debug|Any CPU.ActiveCfg = Debug|Any CPU
		{930CE990-3C95-41A5-8F71-5C4E3DB56BB6}.Debug|Any CPU.Build.0 = Debug|Any CPU
		{930CE990-3C95-41A5-8F71-5C4E3DB56BB6}.Release|Any CPU.ActiveCfg = Release|Any CPU
		{930CE990-3C95-41A5-8F71-5C4E3DB56BB6}.Release|Any CPU.Build.0 = Release|Any CPU
	EndGlobalSection
	GlobalSection(SolutionProperties) = preSolution
		HideSolutionNode = FALSE
	EndGlobalSection
	GlobalSection(ExtensibilityGlobals) = postSolution
		SolutionGuid = {4A1D23FC-3235-442E-AC96-3F62CF7F7D26}
	EndGlobalSection
EndGlobal
